
Microsoft Visual Studio Solution File, Format Version 12.00
# Visual Studio 2013
VisualStudioVersion = 12.0.40629.0
MinimumVisualStudioVersion = 10.0.40219.1
Project("{FAE04EC0-301F-11D3-BF4B-00C04F79EFBC}") = "App", "App\App.csproj", "{EB3ECC65-CB30-438B-A532-A0A8299BF7D2}"
EndProject
Project("{FAE04EC0-301F-11D3-BF4B-00C04F79EFBC}") = "Core", "Core\Core.csproj", "{5AB7F1A6-395C-490A-B26D-B66AA18451D7}"
EndProject
Project("{FAE04EC0-301F-11D3-BF4B-00C04F79EFBC}") = "Common", "Common\Common.csproj", "{827F16AD-E6B5-4DCB-ABB6-49566B9356E0}"
EndProject
Global
	GlobalSection(SolutionConfigurationPlatforms) = preSolution
		Debug|Any CPU = Debug|Any CPU
		Release|Any CPU = Release|Any CPU
	EndGlobalSection
	GlobalSection(ProjectConfigurationPlatforms) = postSolution
		{EB3ECC65-CB30-438B-A532-A0A8299BF7D2}.Debug|Any CPU.ActiveCfg = Debug|Any CPU
		{EB3ECC65-CB30-438B-A532-A0A8299BF7D2}.Debug|Any CPU.Build.0 = Debug|Any CPU
		{EB3ECC65-CB30-438B-A532-A0A8299BF7D2}.Release|Any CPU.ActiveCfg = Release|Any CPU
		{EB3ECC65-CB30-438B-A532-A0A8299BF7D2}.Release|Any CPU.Build.0 = Release|Any CPU
		{5AB7F1A6-395C-490A-B26D-B66AA18451D7}.Debug|Any CPU.ActiveCfg = Debug|Any CPU
		{5AB7F1A6-395C-490A-B26D-B66AA18451D7}.Debug|Any CPU.Build.0 = Debug|Any CPU
		{5AB7F1A6-395C-490A-B26D-B66AA18451D7}.Release|Any CPU.ActiveCfg = Release|Any CPU
		{5AB7F1A6-395C-490A-B26D-B66AA18451D7}.Release|Any CPU.Build.0 = Release|Any CPU
		{827F16AD-E6B5-4DCB-ABB6-49566B9356E0}.Debug|Any CPU.ActiveCfg = Debug|Any CPU
		{827F16AD-E6B5-4DCB-ABB6-49566B9356E0}.Debug|Any CPU.Build.0 = Debug|Any CPU
		{827F16AD-E6B5-4DCB-ABB6-49566B9356E0}.Release|Any CPU.ActiveCfg = Release|Any CPU
		{827F16AD-E6B5-4DCB-ABB6-49566B9356E0}.Release|Any CPU.Build.0 = Release|Any CPU
	EndGlobalSection
	GlobalSection(SolutionProperties) = preSolution
		HideSolutionNode = FALSE
	EndGlobalSection
EndGlobal
